
Microsoft Visual Studio Solution File, Format Version 12.00
# Visual Studio 15
VisualStudioVersion = 15.0.28010.2036
MinimumVisualStudioVersion = 10.0.40219.1
Project("{FAE04EC0-301F-11D3-BF4B-00C04F79EFBC}") = "MediaUploader.Web", "MediaUploader.Web\MediaUploader.Web.csproj", "{B384E034-E3C7-492A-A956-EA857B1DF12E}"
EndProject
Global
	GlobalSection(SolutionConfigurationPlatforms) = preSolution
		Debug|Any CPU = Debug|Any CPU
		Release|Any CPU = Release|Any CPU
	EndGlobalSection
	GlobalSection(ProjectConfigurationPlatforms) = postSolution
		{B384E034-E3C7-492A-A956-EA857B1DF12E}.Debug|Any CPU.ActiveCfg = Debug|Any CPU
		{B384E034-E3C7-492A-A956-EA857B1DF12E}.Debug|Any CPU.Build.0 = Debug|Any CPU
		{B384E034-E3C7-492A-A956-EA857B1DF12E}.Release|Any CPU.ActiveCfg = Release|Any CPU
		{B384E034-E3C7-492A-A956-EA857B1DF12E}.Release|Any CPU.Build.0 = Release|Any CPU
	EndGlobalSection
	GlobalSection(SolutionProperties) = preSolution
		HideSolutionNode = FALSE
	EndGlobalSection
	GlobalSection(ExtensibilityGlobals) = postSolution
		SolutionGuid = {621E8A26-6256-4014-8A11-5DE978868FF2}
	EndGlobalSection
EndGlobal
